
Microsoft Visual Studio Solution File, Format Version 12.00
# Visual Studio Version 16
VisualStudioVersion = 16.0.30503.244
MinimumVisualStudioVersion = 10.0.40219.1
Project("{FAE04EC0-301F-11D3-BF4B-00C04F79EFBC}") = "SodaMachine", "SodaMachine\SodaMachine.csproj", "{F2C10731-FF23-46E0-AECC-D00DDEDF711B}"
EndProject
Global
	GlobalSection(SolutionConfigurationPlatforms) = preSolution
		Debug|Any CPU = Debug|Any CPU
		Release|Any CPU = Release|Any CPU
	EndGlobalSection
	GlobalSection(ProjectConfigurationPlatforms) = postSolution
		{F2C10731-FF23-46E0-AECC-D00DDEDF711B}.Debug|Any CPU.ActiveCfg = Debug|Any CPU
		{F2C10731-FF23-46E0-AECC-D00DDEDF711B}.Debug|Any CPU.Build.0 = Debug|Any CPU
		{F2C10731-FF23-46E0-AECC-D00DDEDF711B}.Release|Any CPU.ActiveCfg = Release|Any CPU
		{F2C10731-FF23-46E0-AECC-D00DDEDF711B}.Release|Any CPU.Build.0 = Release|Any CPU
	EndGlobalSection
	GlobalSection(SolutionProperties) = preSolution
		HideSolutionNode = FALSE
	EndGlobalSection
	GlobalSection(ExtensibilityGlobals) = postSolution
		SolutionGuid = {8D18D7C4-890A-4FDF-B61D-4B91FA540DB1}
	EndGlobalSection
EndGlobal
